
Microsoft Visual Studio Solution File, Format Version 12.00
# Visual Studio Version 17
VisualStudioVersion = 17.0.31903.59
MinimumVisualStudioVersion = 10.0.40219.1
Project("{FAE04EC0-301F-11D3-BF4B-00C04F79EFBC}") = "Finman.Shared.Domain", "Finman.Shared.Domain\Finman.Shared.Domain.csproj", "{BA22724C-B426-49EE-8DB5-59AF3272FF27}"
EndProject
Project("{FAE04EC0-301F-11D3-BF4B-00C04F79EFBC}") = "Finman.Shared.Infrastructure", "Finman.Shared.Infrastructure\Finman.Shared.Infrastructure.csproj", "{2B55997A-98C7-4832-8706-B99ED22E7E24}"
EndProject
Project("{FAE04EC0-301F-11D3-BF4B-00C04F79EFBC}") = "Finman.Shared.Testing", "Finman.Shared.Testing\Finman.Shared.Testing.csproj", "{38576165-75BA-40E1-B3D8-704D34D0F1E6}"
EndProject
Global
	GlobalSection(SolutionConfigurationPlatforms) = preSolution
		Debug|Any CPU = Debug|Any CPU
		Release|Any CPU = Release|Any CPU
	EndGlobalSection
	GlobalSection(SolutionProperties) = preSolution
		HideSolutionNode = FALSE
	EndGlobalSection
	GlobalSection(ProjectConfigurationPlatforms) = postSolution
		{BA22724C-B426-49EE-8DB5-59AF3272FF27}.Debug|Any CPU.ActiveCfg = Debug|Any CPU
		{BA22724C-B426-49EE-8DB5-59AF3272FF27}.Debug|Any CPU.Build.0 = Debug|Any CPU
		{BA22724C-B426-49EE-8DB5-59AF3272FF27}.Release|Any CPU.ActiveCfg = Release|Any CPU
		{BA22724C-B426-49EE-8DB5-59AF3272FF27}.Release|Any CPU.Build.0 = Release|Any CPU
		{2B55997A-98C7-4832-8706-B99ED22E7E24}.Debug|Any CPU.ActiveCfg = Debug|Any CPU
		{2B55997A-98C7-4832-8706-B99ED22E7E24}.Debug|Any CPU.Build.0 = Debug|Any CPU
		{2B55997A-98C7-4832-8706-B99ED22E7E24}.Release|Any CPU.ActiveCfg = Release|Any CPU
		{2B55997A-98C7-4832-8706-B99ED22E7E24}.Release|Any CPU.Build.0 = Release|Any CPU
		{38576165-75BA-40E1-B3D8-704D34D0F1E6}.Debug|Any CPU.ActiveCfg = Debug|Any CPU
		{38576165-75BA-40E1-B3D8-704D34D0F1E6}.Debug|Any CPU.Build.0 = Debug|Any CPU
		{38576165-75BA-40E1-B3D8-704D34D0F1E6}.Release|Any CPU.ActiveCfg = Release|Any CPU
		{38576165-75BA-40E1-B3D8-704D34D0F1E6}.Release|Any CPU.Build.0 = Release|Any CPU
	EndGlobalSection
EndGlobal
